
Microsoft Visual Studio Solution File, Format Version 12.00
# Visual Studio 14
VisualStudioVersion = 14.0.23107.0
MinimumVisualStudioVersion = 10.0.40219.1
Project("{FAE04EC0-301F-11D3-BF4B-00C04F79EFBC}") = "LCDApp", "LCDApp\LCDApp.csproj", "{EAAC4659-2D81-4827-95AB-02AFB90ACA61}"
EndProject
Global
	GlobalSection(SolutionConfigurationPlatforms) = preSolution
		Debug|Any CPU = Debug|Any CPU
		Release|Any CPU = Release|Any CPU
	EndGlobalSection
	GlobalSection(ProjectConfigurationPlatforms) = postSolution
		{EAAC4659-2D81-4827-95AB-02AFB90ACA61}.Debug|Any CPU.ActiveCfg = Debug|Any CPU
		{EAAC4659-2D81-4827-95AB-02AFB90ACA61}.Debug|Any CPU.Build.0 = Debug|Any CPU
		{EAAC4659-2D81-4827-95AB-02AFB90ACA61}.Release|Any CPU.ActiveCfg = Release|Any CPU
		{EAAC4659-2D81-4827-95AB-02AFB90ACA61}.Release|Any CPU.Build.0 = Release|Any CPU
	EndGlobalSection
	GlobalSection(SolutionProperties) = preSolution
		HideSolutionNode = FALSE
	EndGlobalSection
EndGlobal
