
Microsoft Visual Studio Solution File, Format Version 12.00
# Visual Studio 14
VisualStudioVersion = 14.0.23107.0
MinimumVisualStudioVersion = 10.0.40219.1
Project("{FAE04EC0-301F-11D3-BF4B-00C04F79EFBC}") = "Composition", "Composition\Composition.csproj", "{381D7D62-9CE9-4F20-A52A-FFC87E115460}"
EndProject
Global
	GlobalSection(SolutionConfigurationPlatforms) = preSolution
		Debug|Any CPU = Debug|Any CPU
		Release|Any CPU = Release|Any CPU
	EndGlobalSection
	GlobalSection(ProjectConfigurationPlatforms) = postSolution
		{381D7D62-9CE9-4F20-A52A-FFC87E115460}.Debug|Any CPU.ActiveCfg = Debug|Any CPU
		{381D7D62-9CE9-4F20-A52A-FFC87E115460}.Debug|Any CPU.Build.0 = Debug|Any CPU
		{381D7D62-9CE9-4F20-A52A-FFC87E115460}.Release|Any CPU.ActiveCfg = Release|Any CPU
		{381D7D62-9CE9-4F20-A52A-FFC87E115460}.Release|Any CPU.Build.0 = Release|Any CPU
	EndGlobalSection
	GlobalSection(SolutionProperties) = preSolution
		HideSolutionNode = FALSE
	EndGlobalSection
EndGlobal
